
Microsoft Visual Studio Solution File, Format Version 12.00
# Visual Studio 15
VisualStudioVersion = 15.0.28010.2046
MinimumVisualStudioVersion = 10.0.40219.1
Project("{FAE04EC0-301F-11D3-BF4B-00C04F79EFBC}") = "OOP", "OOP\OOP.csproj", "{94765547-3D57-4FE8-AE30-066A980981A8}"
EndProject
Global
	GlobalSection(SolutionConfigurationPlatforms) = preSolution
		Debug|Any CPU = Debug|Any CPU
		Release|Any CPU = Release|Any CPU
	EndGlobalSection
	GlobalSection(ProjectConfigurationPlatforms) = postSolution
		{94765547-3D57-4FE8-AE30-066A980981A8}.Debug|Any CPU.ActiveCfg = Debug|Any CPU
		{94765547-3D57-4FE8-AE30-066A980981A8}.Debug|Any CPU.Build.0 = Debug|Any CPU
		{94765547-3D57-4FE8-AE30-066A980981A8}.Release|Any CPU.ActiveCfg = Release|Any CPU
		{94765547-3D57-4FE8-AE30-066A980981A8}.Release|Any CPU.Build.0 = Release|Any CPU
	EndGlobalSection
	GlobalSection(SolutionProperties) = preSolution
		HideSolutionNode = FALSE
	EndGlobalSection
	GlobalSection(ExtensibilityGlobals) = postSolution
		SolutionGuid = {8B8853F3-6DA2-4038-897D-7630BF48C8A0}
	EndGlobalSection
EndGlobal
